// !$*UTF8*$!
{
	archiveVersion = 1;
	classes = {
	};
	objectVersion = 50;
	objects = {

/* Begin PBXBuildFile section */
		170EFC2C26255754001227D0 /* BlockCam2App.swift in Sources */ = {isa = PBXBuildFile; fileRef = 170EFC2B26255754001227D0 /* BlockCam2App.swift */; };
		170EFC2E26255754001227D0 /* ContentView.swift in Sources */ = {isa = PBXBuildFile; fileRef = 170EFC2D26255754001227D0 /* ContentView.swift */; };
		170EFC3026255755001227D0 /* Assets.xcassets in Resources */ = {isa = PBXBuildFile; fileRef = 170EFC2F26255755001227D0 /* Assets.xcassets */; };
		170EFC3326255755001227D0 /* Preview Assets.xcassets in Resources */ = {isa = PBXBuildFile; fileRef = 170EFC3226255755001227D0 /* Preview Assets.xcassets */; };
		173B224E262830AB0075EB71 /* LiveViewControllerUI.swift in Sources */ = {isa = PBXBuildFile; fileRef = 173B224D262830AB0075EB71 /* LiveViewControllerUI.swift */; };
		173B2251262835480075EB71 /* Viewer3D.swift in Sources */ = {isa = PBXBuildFile; fileRef = 173B2250262835480075EB71 /* Viewer3D.swift */; };
		17688E76262BE72600D1523A /* LiveViewMetal.swift in Sources */ = {isa = PBXBuildFile; fileRef = 17688E75262BE72600D1523A /* LiveViewMetal.swift */; };
		17688E78262BE84500D1523A /* Passthrough.metal in Sources */ = {isa = PBXBuildFile; fileRef = 17688E77262BE84500D1523A /* Passthrough.metal */; };
		17688E7D262BEB7700D1523A /* Filters.swift in Sources */ = {isa = PBXBuildFile; fileRef = 17688E7C262BEB7700D1523A /* Filters.swift */; };
		17688E80262BF36E00D1523A /* AudioProcessor.swift in Sources */ = {isa = PBXBuildFile; fileRef = 17688E7F262BF36E00D1523A /* AudioProcessor.swift */; };
		17688E82262C08C200D1523A /* LiveViewController.swift in Sources */ = {isa = PBXBuildFile; fileRef = 17688E81262C08C200D1523A /* LiveViewController.swift */; };
		17688E84262C0D8600D1523A /* VideoMixer.swift in Sources */ = {isa = PBXBuildFile; fileRef = 17688E83262C0D8600D1523A /* VideoMixer.swift */; };
		17688E86262C0DB300D1523A /* DepthToGrayscaleConverter.swift in Sources */ = {isa = PBXBuildFile; fileRef = 17688E85262C0DB300D1523A /* DepthToGrayscaleConverter.swift */; };
		17688E8D262C100800D1523A /* MinMaxFromBuffer.m in Sources */ = {isa = PBXBuildFile; fileRef = 17688E8C262C100800D1523A /* MinMaxFromBuffer.m */; };
		1786D23626266B1700B34501 /* CIImage.swift in Sources */ = {isa = PBXBuildFile; fileRef = 1786D23526266B1700B34501 /* CIImage.swift */; };
		179721F7262E8EEB004B7134 /* +PhotoHandling.swift in Sources */ = {isa = PBXBuildFile; fileRef = 179721F6262E8EEB004B7134 /* +PhotoHandling.swift */; };
		179721F9262E8FBD004B7134 /* +JpegDataClass.swift in Sources */ = {isa = PBXBuildFile; fileRef = 179721F8262E8FBD004B7134 /* +JpegDataClass.swift */; };
		179721FC262E93E5004B7134 /* FileIO.swift in Sources */ = {isa = PBXBuildFile; fileRef = 179721FB262E93E5004B7134 /* FileIO.swift */; };
		179721FE262EC09F004B7134 /* +LiveViewInitialization.swift in Sources */ = {isa = PBXBuildFile; fileRef = 179721FD262EC09F004B7134 /* +LiveViewInitialization.swift */; };
		17972200262EC1F3004B7134 /* +Camera.swift in Sources */ = {isa = PBXBuildFile; fileRef = 179721FF262EC1F3004B7134 /* +Camera.swift */; };
		17972202262EC2A2004B7134 /* +Audio.swift in Sources */ = {isa = PBXBuildFile; fileRef = 17972201262EC2A2004B7134 /* +Audio.swift */; };
		17DE342D26291F900029D3DA /* MicrophoneInput.swift in Sources */ = {isa = PBXBuildFile; fileRef = 17DE342C26291F900029D3DA /* MicrophoneInput.swift */; };
		17E18D43262D235900C77B2E /* LiveViewMetalExtensions.swift in Sources */ = {isa = PBXBuildFile; fileRef = 17E18D42262D235900C77B2E /* LiveViewMetalExtensions.swift */; };
		17EC997B262FA8F7007FCF00 /* UIImage.swift in Sources */ = {isa = PBXBuildFile; fileRef = 17EC997A262FA8F7007FCF00 /* UIImage.swift */; };
		17EC997D262FDFF5007FCF00 /* BuiltIn.swift in Sources */ = {isa = PBXBuildFile; fileRef = 17EC997C262FDFF5007FCF00 /* BuiltIn.swift */; };
		17EC9980262FE09A007FCF00 /* BuiltInFilterProtocol.swift in Sources */ = {isa = PBXBuildFile; fileRef = 17EC997F262FE09A007FCF00 /* BuiltInFilterProtocol.swift */; };
		17EC9983262FE12D007FCF00 /* CMYKHalftone.swift in Sources */ = {isa = PBXBuildFile; fileRef = 17EC9982262FE12D007FCF00 /* CMYKHalftone.swift */; };
		17EC9985262FE244007FCF00 /* CircularScreen.swift in Sources */ = {isa = PBXBuildFile; fileRef = 17EC9984262FE244007FCF00 /* CircularScreen.swift */; };
		17EC9987262FE2B1007FCF00 /* LineScreen.swift in Sources */ = {isa = PBXBuildFile; fileRef = 17EC9986262FE2B1007FCF00 /* LineScreen.swift */; };
		17EC9989262FE2F5007FCF00 /* Sepia.swift in Sources */ = {isa = PBXBuildFile; fileRef = 17EC9988262FE2F5007FCF00 /* Sepia.swift */; };
		17EC998B262FE339007FCF00 /* Chrome.swift in Sources */ = {isa = PBXBuildFile; fileRef = 17EC998A262FE339007FCF00 /* Chrome.swift */; };
		17EC998D262FE369007FCF00 /* LinearTosRGB.swift in Sources */ = {isa = PBXBuildFile; fileRef = 17EC998C262FE369007FCF00 /* LinearTosRGB.swift */; };
		17EC998F262FE39C007FCF00 /* HueAdjust.swift in Sources */ = {isa = PBXBuildFile; fileRef = 17EC998E262FE39C007FCF00 /* HueAdjust.swift */; };
		17EC9991262FE3D1007FCF00 /* ExposureAdjust.swift in Sources */ = {isa = PBXBuildFile; fileRef = 17EC9990262FE3D1007FCF00 /* ExposureAdjust.swift */; };
		17EC9993262FE3FF007FCF00 /* Posterize.swift in Sources */ = {isa = PBXBuildFile; fileRef = 17EC9992262FE3FF007FCF00 /* Posterize.swift */; };
		17EC9995262FE43D007FCF00 /* DotScreen.swift in Sources */ = {isa = PBXBuildFile; fileRef = 17EC9994262FE43D007FCF00 /* DotScreen.swift */; };
		17EC9997262FE46B007FCF00 /* HatchedScreen.swift in Sources */ = {isa = PBXBuildFile; fileRef = 17EC9996262FE46B007FCF00 /* HatchedScreen.swift */; };
		17EC9999262FE4AE007FCF00 /* LineOverlay.swift in Sources */ = {isa = PBXBuildFile; fileRef = 17EC9998262FE4AE007FCF00 /* LineOverlay.swift */; };
		17EC999B262FE4FA007FCF00 /* Pixellate.swift in Sources */ = {isa = PBXBuildFile; fileRef = 17EC999A262FE4FA007FCF00 /* Pixellate.swift */; };
		17EC999D262FE52D007FCF00 /* FalseColor.swift in Sources */ = {isa = PBXBuildFile; fileRef = 17EC999C262FE52D007FCF00 /* FalseColor.swift */; };
		17EC999F262FE563007FCF00 /* Noir.swift in Sources */ = {isa = PBXBuildFile; fileRef = 17EC999E262FE563007FCF00 /* Noir.swift */; };
		17EC99A1262FE5BC007FCF00 /* Instant.swift in Sources */ = {isa = PBXBuildFile; fileRef = 17EC99A0262FE5BC007FCF00 /* Instant.swift */; };
		17EC99A3262FE5FE007FCF00 /* Fade.swift in Sources */ = {isa = PBXBuildFile; fileRef = 17EC99A2262FE5FE007FCF00 /* Fade.swift */; };
		17EC99A5262FE62C007FCF00 /* Mono.swift in Sources */ = {isa = PBXBuildFile; fileRef = 17EC99A4262FE62C007FCF00 /* Mono.swift */; };
		17EC99A7262FE665007FCF00 /* Process.swift in Sources */ = {isa = PBXBuildFile; fileRef = 17EC99A6262FE665007FCF00 /* Process.swift */; };
		17EC99A9262FE6A0007FCF00 /* Tonal.swift in Sources */ = {isa = PBXBuildFile; fileRef = 17EC99A8262FE6A0007FCF00 /* Tonal.swift */; };
		17EC99AC262FE6D5007FCF00 /* Transfer.swift in Sources */ = {isa = PBXBuildFile; fileRef = 17EC99AB262FE6D5007FCF00 /* Transfer.swift */; };
		17EC99AE262FE945007FCF00 /* Passthrough.swift in Sources */ = {isa = PBXBuildFile; fileRef = 17EC99AD262FE945007FCF00 /* Passthrough.swift */; };
		17EC99B0262FF0FE007FCF00 /* Vibrance.swift in Sources */ = {isa = PBXBuildFile; fileRef = 17EC99AF262FF0FE007FCF00 /* Vibrance.swift */; };
		17EC99B2262FF148007FCF00 /* XRay.swift in Sources */ = {isa = PBXBuildFile; fileRef = 17EC99B1262FF148007FCF00 /* XRay.swift */; };
		17EC99B4262FF178007FCF00 /* Comic.swift in Sources */ = {isa = PBXBuildFile; fileRef = 17EC99B3262FF178007FCF00 /* Comic.swift */; };
		17EC99B626301149007FCF00 /* ObservableArray.swift in Sources */ = {isa = PBXBuildFile; fileRef = 17EC99B526301149007FCF00 /* ObservableArray.swift */; };
		17F8C780262C23F400DB7D51 /* +Observer.swift in Sources */ = {isa = PBXBuildFile; fileRef = 17F8C77F262C23F400DB7D51 /* +Observer.swift */; };
		17F8C782262C301F00DB7D51 /* DepthToGrayscale.metal in Sources */ = {isa = PBXBuildFile; fileRef = 17F8C781262C301F00DB7D51 /* DepthToGrayscale.metal */; };
		17F8C784262C307C00DB7D51 /* Mixer.metal in Sources */ = {isa = PBXBuildFile; fileRef = 17F8C783262C307C00DB7D51 /* Mixer.metal */; };
		17FB3803262A99BD00315764 /* AudioSpectrum.swift in Sources */ = {isa = PBXBuildFile; fileRef = 17FB3802262A99BD00315764 /* AudioSpectrum.swift */; };
		17FB3805262AB49C00315764 /* AudioProtocol.swift in Sources */ = {isa = PBXBuildFile; fileRef = 17FB3804262AB49C00315764 /* AudioProtocol.swift */; };
/* End PBXBuildFile section */

/* Begin PBXFileReference section */
		170EFC2826255754001227D0 /* BlockCam2.app */ = {isa = PBXFileReference; explicitFileType = wrapper.application; includeInIndex = 0; path = BlockCam2.app; sourceTree = BUILT_PRODUCTS_DIR; };
		170EFC2B26255754001227D0 /* BlockCam2App.swift */ = {isa = PBXFileReference; lastKnownFileType = sourcecode.swift; path = BlockCam2App.swift; sourceTree = "<group>"; };
		170EFC2D26255754001227D0 /* ContentView.swift */ = {isa = PBXFileReference; lastKnownFileType = sourcecode.swift; path = ContentView.swift; sourceTree = "<group>"; };
		170EFC2F26255755001227D0 /* Assets.xcassets */ = {isa = PBXFileReference; lastKnownFileType = folder.assetcatalog; path = Assets.xcassets; sourceTree = "<group>"; };
		170EFC3226255755001227D0 /* Preview Assets.xcassets */ = {isa = PBXFileReference; lastKnownFileType = folder.assetcatalog; path = "Preview Assets.xcassets"; sourceTree = "<group>"; };
		170EFC3426255755001227D0 /* Info.plist */ = {isa = PBXFileReference; lastKnownFileType = text.plist.xml; path = Info.plist; sourceTree = "<group>"; };
		173B224D262830AB0075EB71 /* LiveViewControllerUI.swift */ = {isa = PBXFileReference; lastKnownFileType = sourcecode.swift; path = LiveViewControllerUI.swift; sourceTree = "<group>"; };
		173B2250262835480075EB71 /* Viewer3D.swift */ = {isa = PBXFileReference; fileEncoding = 4; lastKnownFileType = sourcecode.swift; path = Viewer3D.swift; sourceTree = "<group>"; };
		17688E75262BE72600D1523A /* LiveViewMetal.swift */ = {isa = PBXFileReference; lastKnownFileType = sourcecode.swift; path = LiveViewMetal.swift; sourceTree = "<group>"; };
		17688E77262BE84500D1523A /* Passthrough.metal */ = {isa = PBXFileReference; lastKnownFileType = sourcecode.metal; path = Passthrough.metal; sourceTree = "<group>"; };
		17688E7C262BEB7700D1523A /* Filters.swift */ = {isa = PBXFileReference; lastKnownFileType = sourcecode.swift; path = Filters.swift; sourceTree = "<group>"; };
		17688E7F262BF36E00D1523A /* AudioProcessor.swift */ = {isa = PBXFileReference; lastKnownFileType = sourcecode.swift; path = AudioProcessor.swift; sourceTree = "<group>"; };
		17688E81262C08C200D1523A /* LiveViewController.swift */ = {isa = PBXFileReference; lastKnownFileType = sourcecode.swift; path = LiveViewController.swift; sourceTree = "<group>"; };
		17688E83262C0D8600D1523A /* VideoMixer.swift */ = {isa = PBXFileReference; lastKnownFileType = sourcecode.swift; path = VideoMixer.swift; sourceTree = "<group>"; };
		17688E85262C0DB300D1523A /* DepthToGrayscaleConverter.swift */ = {isa = PBXFileReference; lastKnownFileType = sourcecode.swift; path = DepthToGrayscaleConverter.swift; sourceTree = "<group>"; };
		17688E8C262C100800D1523A /* MinMaxFromBuffer.m */ = {isa = PBXFileReference; lastKnownFileType = sourcecode.c.objc; path = MinMaxFromBuffer.m; sourceTree = "<group>"; };
		17688E8E262C102800D1523A /* MinMaxFromBuffer.h */ = {isa = PBXFileReference; lastKnownFileType = sourcecode.c.h; path = MinMaxFromBuffer.h; sourceTree = "<group>"; };
		1786D234262665DA00B34501 /* BlockCam2.entitlements */ = {isa = PBXFileReference; lastKnownFileType = text.plist.entitlements; path = BlockCam2.entitlements; sourceTree = "<group>"; };
		1786D23526266B1700B34501 /* CIImage.swift */ = {isa = PBXFileReference; lastKnownFileType = sourcecode.swift; path = CIImage.swift; sourceTree = "<group>"; };
		179721F6262E8EEB004B7134 /* +PhotoHandling.swift */ = {isa = PBXFileReference; lastKnownFileType = sourcecode.swift; path = "+PhotoHandling.swift"; sourceTree = "<group>"; };
		179721F8262E8FBD004B7134 /* +JpegDataClass.swift */ = {isa = PBXFileReference; lastKnownFileType = sourcecode.swift; path = "+JpegDataClass.swift"; sourceTree = "<group>"; };
		179721FB262E93E5004B7134 /* FileIO.swift */ = {isa = PBXFileReference; lastKnownFileType = sourcecode.swift; path = FileIO.swift; sourceTree = "<group>"; };
		179721FD262EC09F004B7134 /* +LiveViewInitialization.swift */ = {isa = PBXFileReference; lastKnownFileType = sourcecode.swift; path = "+LiveViewInitialization.swift"; sourceTree = "<group>"; };
		179721FF262EC1F3004B7134 /* +Camera.swift */ = {isa = PBXFileReference; lastKnownFileType = sourcecode.swift; path = "+Camera.swift"; sourceTree = "<group>"; };
		17972201262EC2A2004B7134 /* +Audio.swift */ = {isa = PBXFileReference; lastKnownFileType = sourcecode.swift; path = "+Audio.swift"; sourceTree = "<group>"; };
		17DE342C26291F900029D3DA /* MicrophoneInput.swift */ = {isa = PBXFileReference; lastKnownFileType = sourcecode.swift; path = MicrophoneInput.swift; sourceTree = "<group>"; };
		17E18D42262D235900C77B2E /* LiveViewMetalExtensions.swift */ = {isa = PBXFileReference; lastKnownFileType = sourcecode.swift; path = LiveViewMetalExtensions.swift; sourceTree = "<group>"; };
		17EC997A262FA8F7007FCF00 /* UIImage.swift */ = {isa = PBXFileReference; lastKnownFileType = sourcecode.swift; path = UIImage.swift; sourceTree = "<group>"; };
		17EC997C262FDFF5007FCF00 /* BuiltIn.swift */ = {isa = PBXFileReference; lastKnownFileType = sourcecode.swift; path = BuiltIn.swift; sourceTree = "<group>"; };
		17EC997F262FE09A007FCF00 /* BuiltInFilterProtocol.swift */ = {isa = PBXFileReference; lastKnownFileType = sourcecode.swift; path = BuiltInFilterProtocol.swift; sourceTree = "<group>"; };
		17EC9982262FE12D007FCF00 /* CMYKHalftone.swift */ = {isa = PBXFileReference; lastKnownFileType = sourcecode.swift; path = CMYKHalftone.swift; sourceTree = "<group>"; };
		17EC9984262FE244007FCF00 /* CircularScreen.swift */ = {isa = PBXFileReference; lastKnownFileType = sourcecode.swift; path = CircularScreen.swift; sourceTree = "<group>"; };
		17EC9986262FE2B1007FCF00 /* LineScreen.swift */ = {isa = PBXFileReference; lastKnownFileType = sourcecode.swift; path = LineScreen.swift; sourceTree = "<group>"; };
		17EC9988262FE2F5007FCF00 /* Sepia.swift */ = {isa = PBXFileReference; lastKnownFileType = sourcecode.swift; path = Sepia.swift; sourceTree = "<group>"; };
		17EC998A262FE339007FCF00 /* Chrome.swift */ = {isa = PBXFileReference; lastKnownFileType = sourcecode.swift; path = Chrome.swift; sourceTree = "<group>"; };
		17EC998C262FE369007FCF00 /* LinearTosRGB.swift */ = {isa = PBXFileReference; lastKnownFileType = sourcecode.swift; path = LinearTosRGB.swift; sourceTree = "<group>"; };
		17EC998E262FE39C007FCF00 /* HueAdjust.swift */ = {isa = PBXFileReference; lastKnownFileType = sourcecode.swift; path = HueAdjust.swift; sourceTree = "<group>"; };
		17EC9990262FE3D1007FCF00 /* ExposureAdjust.swift */ = {isa = PBXFileReference; lastKnownFileType = sourcecode.swift; path = ExposureAdjust.swift; sourceTree = "<group>"; };
		17EC9992262FE3FF007FCF00 /* Posterize.swift */ = {isa = PBXFileReference; lastKnownFileType = sourcecode.swift; path = Posterize.swift; sourceTree = "<group>"; };
		17EC9994262FE43D007FCF00 /* DotScreen.swift */ = {isa = PBXFileReference; lastKnownFileType = sourcecode.swift; path = DotScreen.swift; sourceTree = "<group>"; };
		17EC9996262FE46B007FCF00 /* HatchedScreen.swift */ = {isa = PBXFileReference; lastKnownFileType = sourcecode.swift; path = HatchedScreen.swift; sourceTree = "<group>"; };
		17EC9998262FE4AE007FCF00 /* LineOverlay.swift */ = {isa = PBXFileReference; lastKnownFileType = sourcecode.swift; path = LineOverlay.swift; sourceTree = "<group>"; };
		17EC999A262FE4FA007FCF00 /* Pixellate.swift */ = {isa = PBXFileReference; lastKnownFileType = sourcecode.swift; path = Pixellate.swift; sourceTree = "<group>"; };
		17EC999C262FE52D007FCF00 /* FalseColor.swift */ = {isa = PBXFileReference; lastKnownFileType = sourcecode.swift; path = FalseColor.swift; sourceTree = "<group>"; };
		17EC999E262FE563007FCF00 /* Noir.swift */ = {isa = PBXFileReference; lastKnownFileType = sourcecode.swift; path = Noir.swift; sourceTree = "<group>"; };
		17EC99A0262FE5BC007FCF00 /* Instant.swift */ = {isa = PBXFileReference; lastKnownFileType = sourcecode.swift; path = Instant.swift; sourceTree = "<group>"; };
		17EC99A2262FE5FE007FCF00 /* Fade.swift */ = {isa = PBXFileReference; lastKnownFileType = sourcecode.swift; path = Fade.swift; sourceTree = "<group>"; };
		17EC99A4262FE62C007FCF00 /* Mono.swift */ = {isa = PBXFileReference; lastKnownFileType = sourcecode.swift; path = Mono.swift; sourceTree = "<group>"; };
		17EC99A6262FE665007FCF00 /* Process.swift */ = {isa = PBXFileReference; lastKnownFileType = sourcecode.swift; path = Process.swift; sourceTree = "<group>"; };
		17EC99A8262FE6A0007FCF00 /* Tonal.swift */ = {isa = PBXFileReference; lastKnownFileType = sourcecode.swift; path = Tonal.swift; sourceTree = "<group>"; };
		17EC99AB262FE6D5007FCF00 /* Transfer.swift */ = {isa = PBXFileReference; lastKnownFileType = sourcecode.swift; path = Transfer.swift; sourceTree = "<group>"; };
		17EC99AD262FE945007FCF00 /* Passthrough.swift */ = {isa = PBXFileReference; lastKnownFileType = sourcecode.swift; path = Passthrough.swift; sourceTree = "<group>"; };
		17EC99AF262FF0FE007FCF00 /* Vibrance.swift */ = {isa = PBXFileReference; lastKnownFileType = sourcecode.swift; path = Vibrance.swift; sourceTree = "<group>"; };
		17EC99B1262FF148007FCF00 /* XRay.swift */ = {isa = PBXFileReference; lastKnownFileType = sourcecode.swift; path = XRay.swift; sourceTree = "<group>"; };
		17EC99B3262FF178007FCF00 /* Comic.swift */ = {isa = PBXFileReference; lastKnownFileType = sourcecode.swift; path = Comic.swift; sourceTree = "<group>"; };
		17EC99B526301149007FCF00 /* ObservableArray.swift */ = {isa = PBXFileReference; lastKnownFileType = sourcecode.swift; path = ObservableArray.swift; sourceTree = "<group>"; };
		17F8C77E262C10BB00DB7D51 /* BlockCam2-Bridging-Header.h */ = {isa = PBXFileReference; lastKnownFileType = sourcecode.c.h; path = "BlockCam2-Bridging-Header.h"; sourceTree = "<group>"; };
		17F8C77F262C23F400DB7D51 /* +Observer.swift */ = {isa = PBXFileReference; lastKnownFileType = sourcecode.swift; path = "+Observer.swift"; sourceTree = "<group>"; };
		17F8C781262C301F00DB7D51 /* DepthToGrayscale.metal */ = {isa = PBXFileReference; lastKnownFileType = sourcecode.metal; path = DepthToGrayscale.metal; sourceTree = "<group>"; };
		17F8C783262C307C00DB7D51 /* Mixer.metal */ = {isa = PBXFileReference; lastKnownFileType = sourcecode.metal; path = Mixer.metal; sourceTree = "<group>"; };
		17FB3802262A99BD00315764 /* AudioSpectrum.swift */ = {isa = PBXFileReference; lastKnownFileType = sourcecode.swift; path = AudioSpectrum.swift; sourceTree = "<group>"; };
		17FB3804262AB49C00315764 /* AudioProtocol.swift */ = {isa = PBXFileReference; lastKnownFileType = sourcecode.swift; path = AudioProtocol.swift; sourceTree = "<group>"; };
/* End PBXFileReference section */

/* Begin PBXFrameworksBuildPhase section */
		170EFC2526255754001227D0 /* Frameworks */ = {
			isa = PBXFrameworksBuildPhase;
			buildActionMask = 2147483647;
			files = (
			);
			runOnlyForDeploymentPostprocessing = 0;
		};
/* End PBXFrameworksBuildPhase section */

/* Begin PBXGroup section */
		170EFC1F26255754001227D0 = {
			isa = PBXGroup;
			children = (
				170EFC2A26255754001227D0 /* BlockCam2 */,
				170EFC2926255754001227D0 /* Products */,
			);
			sourceTree = "<group>";
		};
		170EFC2926255754001227D0 /* Products */ = {
			isa = PBXGroup;
			children = (
				170EFC2826255754001227D0 /* BlockCam2.app */,
			);
			name = Products;
			sourceTree = "<group>";
		};
		170EFC2A26255754001227D0 /* BlockCam2 */ = {
			isa = PBXGroup;
			children = (
				1786D234262665DA00B34501 /* BlockCam2.entitlements */,
				170EFC3A26256138001227D0 /* SCNNode3 */,
				170EFC2B26255754001227D0 /* BlockCam2App.swift */,
				170EFC2D26255754001227D0 /* ContentView.swift */,
				17EC99B526301149007FCF00 /* ObservableArray.swift */,
				17688E7B262BEB6900D1523A /* Filters */,
				173B224F262834C40075EB71 /* CameraInput */,
				17688E74262BE70B00D1523A /* CameraOutput */,
				17DE342E26291FA40029D3DA /* SoundInput */,
				17EC9979262FA8E9007FCF00 /* Extensions */,
				179721FA262E93CC004B7134 /* Utility */,
				170EFC2F26255755001227D0 /* Assets.xcassets */,
				170EFC3426255755001227D0 /* Info.plist */,
				17F8C77E262C10BB00DB7D51 /* BlockCam2-Bridging-Header.h */,
				170EFC3126255755001227D0 /* Preview Content */,
			);
			path = BlockCam2;
			sourceTree = "<group>";
		};
		170EFC3126255755001227D0 /* Preview Content */ = {
			isa = PBXGroup;
			children = (
				170EFC3226255755001227D0 /* Preview Assets.xcassets */,
			);
			path = "Preview Content";
			sourceTree = "<group>";
		};
		170EFC3A26256138001227D0 /* SCNNode3 */ = {
			isa = PBXGroup;
			children = (
			);
			path = SCNNode3;
			sourceTree = "<group>";
		};
		173B224F262834C40075EB71 /* CameraInput */ = {
			isa = PBXGroup;
			children = (
				173B224D262830AB0075EB71 /* LiveViewControllerUI.swift */,
				17688E81262C08C200D1523A /* LiveViewController.swift */,
				179721FD262EC09F004B7134 /* +LiveViewInitialization.swift */,
				179721FF262EC1F3004B7134 /* +Camera.swift */,
				17972201262EC2A2004B7134 /* +Audio.swift */,
				179721F6262E8EEB004B7134 /* +PhotoHandling.swift */,
				179721F8262E8FBD004B7134 /* +JpegDataClass.swift */,
				17F8C77F262C23F400DB7D51 /* +Observer.swift */,
				173B2250262835480075EB71 /* Viewer3D.swift */,
			);
			path = CameraInput;
			sourceTree = "<group>";
		};
		17688E74262BE70B00D1523A /* CameraOutput */ = {
			isa = PBXGroup;
			children = (
				17688E75262BE72600D1523A /* LiveViewMetal.swift */,
				17E18D42262D235900C77B2E /* LiveViewMetalExtensions.swift */,
				17688E77262BE84500D1523A /* Passthrough.metal */,
				17F8C783262C307C00DB7D51 /* Mixer.metal */,
				17688E83262C0D8600D1523A /* VideoMixer.swift */,
				17688E85262C0DB300D1523A /* DepthToGrayscaleConverter.swift */,
				17F8C781262C301F00DB7D51 /* DepthToGrayscale.metal */,
				17688E8C262C100800D1523A /* MinMaxFromBuffer.m */,
				17688E8E262C102800D1523A /* MinMaxFromBuffer.h */,
			);
			path = CameraOutput;
			sourceTree = "<group>";
		};
		17688E7B262BEB6900D1523A /* Filters */ = {
			isa = PBXGroup;
			children = (
				17688E7C262BEB7700D1523A /* Filters.swift */,
				17EC997C262FDFF5007FCF00 /* BuiltIn.swift */,
				17EC997E262FE012007FCF00 /* BuiltInFilters */,
			);
			path = Filters;
			sourceTree = "<group>";
		};
		179721FA262E93CC004B7134 /* Utility */ = {
			isa = PBXGroup;
			children = (
				179721FB262E93E5004B7134 /* FileIO.swift */,
			);
			path = Utility;
			sourceTree = "<group>";
		};
		17DE342E26291FA40029D3DA /* SoundInput */ = {
			isa = PBXGroup;
			children = (
				17688E7F262BF36E00D1523A /* AudioProcessor.swift */,
				17DE342C26291F900029D3DA /* MicrophoneInput.swift */,
				17FB3802262A99BD00315764 /* AudioSpectrum.swift */,
				17FB3804262AB49C00315764 /* AudioProtocol.swift */,
			);
			path = SoundInput;
			sourceTree = "<group>";
		};
		17EC9979262FA8E9007FCF00 /* Extensions */ = {
			isa = PBXGroup;
			children = (
				1786D23526266B1700B34501 /* CIImage.swift */,
				17EC997A262FA8F7007FCF00 /* UIImage.swift */,
			);
			path = Extensions;
			sourceTree = "<group>";
		};
		17EC997E262FE012007FCF00 /* BuiltInFilters */ = {
			isa = PBXGroup;
			children = (
				17EC997F262FE09A007FCF00 /* BuiltInFilterProtocol.swift */,
				17EC9981262FE120007FCF00 /* Filters */,
			);
			path = BuiltInFilters;
			sourceTree = "<group>";
		};
		17EC9981262FE120007FCF00 /* Filters */ = {
			isa = PBXGroup;
			children = (
				17EC998A262FE339007FCF00 /* Chrome.swift */,
				17EC9984262FE244007FCF00 /* CircularScreen.swift */,
				17EC9982262FE12D007FCF00 /* CMYKHalftone.swift */,
				17EC99B3262FF178007FCF00 /* Comic.swift */,
				17EC9994262FE43D007FCF00 /* DotScreen.swift */,
				17EC9990262FE3D1007FCF00 /* ExposureAdjust.swift */,
				17EC99A2262FE5FE007FCF00 /* Fade.swift */,
				17EC999C262FE52D007FCF00 /* FalseColor.swift */,
				17EC9996262FE46B007FCF00 /* HatchedScreen.swift */,
				17EC998E262FE39C007FCF00 /* HueAdjust.swift */,
				17EC99A0262FE5BC007FCF00 /* Instant.swift */,
				17EC998C262FE369007FCF00 /* LinearTosRGB.swift */,
				17EC9998262FE4AE007FCF00 /* LineOverlay.swift */,
				17EC9986262FE2B1007FCF00 /* LineScreen.swift */,
				17EC99A4262FE62C007FCF00 /* Mono.swift */,
				17EC999E262FE563007FCF00 /* Noir.swift */,
				17EC99AD262FE945007FCF00 /* Passthrough.swift */,
				17EC999A262FE4FA007FCF00 /* Pixellate.swift */,
				17EC9992262FE3FF007FCF00 /* Posterize.swift */,
				17EC99A6262FE665007FCF00 /* Process.swift */,
				17EC9988262FE2F5007FCF00 /* Sepia.swift */,
				17EC99A8262FE6A0007FCF00 /* Tonal.swift */,
				17EC99AB262FE6D5007FCF00 /* Transfer.swift */,
				17EC99AF262FF0FE007FCF00 /* Vibrance.swift */,
				17EC99B1262FF148007FCF00 /* XRay.swift */,
			);
			path = Filters;
			sourceTree = "<group>";
		};
/* End PBXGroup section */

/* Begin PBXNativeTarget section */
		170EFC2726255754001227D0 /* BlockCam2 */ = {
			isa = PBXNativeTarget;
			buildConfigurationList = 170EFC3726255755001227D0 /* Build configuration list for PBXNativeTarget "BlockCam2" */;
			buildPhases = (
				170EFC2426255754001227D0 /* Sources */,
				170EFC2526255754001227D0 /* Frameworks */,
				170EFC2626255754001227D0 /* Resources */,
			);
			buildRules = (
			);
			dependencies = (
			);
			name = BlockCam2;
			productName = BlockCam2;
			productReference = 170EFC2826255754001227D0 /* BlockCam2.app */;
			productType = "com.apple.product-type.application";
		};
/* End PBXNativeTarget section */

/* Begin PBXProject section */
		170EFC2026255754001227D0 /* Project object */ = {
			isa = PBXProject;
			attributes = {
				LastSwiftUpdateCheck = 1250;
				LastUpgradeCheck = 1250;
				TargetAttributes = {
					170EFC2726255754001227D0 = {
						CreatedOnToolsVersion = 12.5;
						LastSwiftMigration = 1250;
					};
				};
			};
			buildConfigurationList = 170EFC2326255754001227D0 /* Build configuration list for PBXProject "BlockCam2" */;
			compatibilityVersion = "Xcode 9.3";
			developmentRegion = en;
			hasScannedForEncodings = 0;
			knownRegions = (
				en,
				Base,
			);
			mainGroup = 170EFC1F26255754001227D0;
			productRefGroup = 170EFC2926255754001227D0 /* Products */;
			projectDirPath = "";
			projectRoot = "";
			targets = (
				170EFC2726255754001227D0 /* BlockCam2 */,
			);
		};
/* End PBXProject section */

/* Begin PBXResourcesBuildPhase section */
		170EFC2626255754001227D0 /* Resources */ = {
			isa = PBXResourcesBuildPhase;
			buildActionMask = 2147483647;
			files = (
				170EFC3326255755001227D0 /* Preview Assets.xcassets in Resources */,
				170EFC3026255755001227D0 /* Assets.xcassets in Resources */,
			);
			runOnlyForDeploymentPostprocessing = 0;
		};
/* End PBXResourcesBuildPhase section */

/* Begin PBXSourcesBuildPhase section */
		170EFC2426255754001227D0 /* Sources */ = {
			isa = PBXSourcesBuildPhase;
			buildActionMask = 2147483647;
			files = (
				17EC999B262FE4FA007FCF00 /* Pixellate.swift in Sources */,
				17EC99A5262FE62C007FCF00 /* Mono.swift in Sources */,
				17EC998D262FE369007FCF00 /* LinearTosRGB.swift in Sources */,
				17FB3805262AB49C00315764 /* AudioProtocol.swift in Sources */,
				17EC999D262FE52D007FCF00 /* FalseColor.swift in Sources */,
				17EC9985262FE244007FCF00 /* CircularScreen.swift in Sources */,
				17EC99AC262FE6D5007FCF00 /* Transfer.swift in Sources */,
				17FB3803262A99BD00315764 /* AudioSpectrum.swift in Sources */,
				17EC99B626301149007FCF00 /* ObservableArray.swift in Sources */,
				17EC9980262FE09A007FCF00 /* BuiltInFilterProtocol.swift in Sources */,
				17EC99A3262FE5FE007FCF00 /* Fade.swift in Sources */,
				17688E78262BE84500D1523A /* Passthrough.metal in Sources */,
				17EC998B262FE339007FCF00 /* Chrome.swift in Sources */,
				17EC999F262FE563007FCF00 /* Noir.swift in Sources */,
				17EC99A1262FE5BC007FCF00 /* Instant.swift in Sources */,
				179721F7262E8EEB004B7134 /* +PhotoHandling.swift in Sources */,
				17688E8D262C100800D1523A /* MinMaxFromBuffer.m in Sources */,
				17688E76262BE72600D1523A /* LiveViewMetal.swift in Sources */,
				17EC99AE262FE945007FCF00 /* Passthrough.swift in Sources */,
				17972202262EC2A2004B7134 /* +Audio.swift in Sources */,
				17EC9991262FE3D1007FCF00 /* ExposureAdjust.swift in Sources */,
				17EC9995262FE43D007FCF00 /* DotScreen.swift in Sources */,
				17688E82262C08C200D1523A /* LiveViewController.swift in Sources */,
				170EFC2E26255754001227D0 /* ContentView.swift in Sources */,
				170EFC2C26255754001227D0 /* BlockCam2App.swift in Sources */,
				17EC99B2262FF148007FCF00 /* XRay.swift in Sources */,
				179721FC262E93E5004B7134 /* FileIO.swift in Sources */,
				17EC99A7262FE665007FCF00 /* Process.swift in Sources */,
				17688E84262C0D8600D1523A /* VideoMixer.swift in Sources */,
				179721F9262E8FBD004B7134 /* +JpegDataClass.swift in Sources */,
				17EC9983262FE12D007FCF00 /* CMYKHalftone.swift in Sources */,
				17EC997B262FA8F7007FCF00 /* UIImage.swift in Sources */,
				17F8C784262C307C00DB7D51 /* Mixer.metal in Sources */,
				173B224E262830AB0075EB71 /* LiveViewControllerUI.swift in Sources */,
				17EC9997262FE46B007FCF00 /* HatchedScreen.swift in Sources */,
				17EC9987262FE2B1007FCF00 /* LineScreen.swift in Sources */,
				17EC9989262FE2F5007FCF00 /* Sepia.swift in Sources */,
				179721FE262EC09F004B7134 /* +LiveViewInitialization.swift in Sources */,
				17688E86262C0DB300D1523A /* DepthToGrayscaleConverter.swift in Sources */,
				17E18D43262D235900C77B2E /* LiveViewMetalExtensions.swift in Sources */,
				17972200262EC1F3004B7134 /* +Camera.swift in Sources */,
				1786D23626266B1700B34501 /* CIImage.swift in Sources */,
				17EC99A9262FE6A0007FCF00 /* Tonal.swift in Sources */,
				17F8C782262C301F00DB7D51 /* DepthToGrayscale.metal in Sources */,
				17EC99B4262FF178007FCF00 /* Comic.swift in Sources */,
				17688E7D262BEB7700D1523A /* Filters.swift in Sources */,
				17EC9993262FE3FF007FCF00 /* Posterize.swift in Sources */,
				17688E80262BF36E00D1523A /* AudioProcessor.swift in Sources */,
				17DE342D26291F900029D3DA /* MicrophoneInput.swift in Sources */,
				17F8C780262C23F400DB7D51 /* +Observer.swift in Sources */,
				17EC99B0262FF0FE007FCF00 /* Vibrance.swift in Sources */,
				17EC9999262FE4AE007FCF00 /* LineOverlay.swift in Sources */,
				173B2251262835480075EB71 /* Viewer3D.swift in Sources */,
				17EC997D262FDFF5007FCF00 /* BuiltIn.swift in Sources */,
				17EC998F262FE39C007FCF00 /* HueAdjust.swift in Sources */,
			);
			runOnlyForDeploymentPostprocessing = 0;
		};
/* End PBXSourcesBuildPhase section */

/* Begin XCBuildConfiguration section */
		170EFC3526255755001227D0 /* Debug */ = {
			isa = XCBuildConfiguration;
			buildSettings = {
				ALWAYS_SEARCH_USER_PATHS = NO;
				CLANG_ANALYZER_NONNULL = YES;
				CLANG_ANALYZER_NUMBER_OBJECT_CONVERSION = YES_AGGRESSIVE;
				CLANG_CXX_LANGUAGE_STANDARD = "gnu++14";
				CLANG_CXX_LIBRARY = "libc++";
				CLANG_ENABLE_MODULES = YES;
				CLANG_ENABLE_OBJC_ARC = YES;
				CLANG_ENABLE_OBJC_WEAK = YES;
				CLANG_WARN_BLOCK_CAPTURE_AUTORELEASING = YES;
				CLANG_WARN_BOOL_CONVERSION = YES;
				CLANG_WARN_COMMA = YES;
				CLANG_WARN_CONSTANT_CONVERSION = YES;
				CLANG_WARN_DEPRECATED_OBJC_IMPLEMENTATIONS = YES;
				CLANG_WARN_DIRECT_OBJC_ISA_USAGE = YES_ERROR;
				CLANG_WARN_DOCUMENTATION_COMMENTS = YES;
				CLANG_WARN_EMPTY_BODY = YES;
				CLANG_WARN_ENUM_CONVERSION = YES;
				CLANG_WARN_INFINITE_RECURSION = YES;
				CLANG_WARN_INT_CONVERSION = YES;
				CLANG_WARN_NON_LITERAL_NULL_CONVERSION = YES;
				CLANG_WARN_OBJC_IMPLICIT_RETAIN_SELF = YES;
				CLANG_WARN_OBJC_LITERAL_CONVERSION = YES;
				CLANG_WARN_OBJC_ROOT_CLASS = YES_ERROR;
				CLANG_WARN_QUOTED_INCLUDE_IN_FRAMEWORK_HEADER = YES;
				CLANG_WARN_RANGE_LOOP_ANALYSIS = YES;
				CLANG_WARN_STRICT_PROTOTYPES = YES;
				CLANG_WARN_SUSPICIOUS_MOVE = YES;
				CLANG_WARN_UNGUARDED_AVAILABILITY = YES_AGGRESSIVE;
				CLANG_WARN_UNREACHABLE_CODE = YES;
				CLANG_WARN__DUPLICATE_METHOD_MATCH = YES;
				COPY_PHASE_STRIP = NO;
				DEBUG_INFORMATION_FORMAT = dwarf;
				ENABLE_STRICT_OBJC_MSGSEND = YES;
				ENABLE_TESTABILITY = YES;
				GCC_C_LANGUAGE_STANDARD = gnu11;
				GCC_DYNAMIC_NO_PIC = NO;
				GCC_NO_COMMON_BLOCKS = YES;
				GCC_OPTIMIZATION_LEVEL = 0;
				GCC_PREPROCESSOR_DEFINITIONS = (
					"DEBUG=1",
					"$(inherited)",
				);
				GCC_WARN_64_TO_32_BIT_CONVERSION = YES;
				GCC_WARN_ABOUT_RETURN_TYPE = YES_ERROR;
				GCC_WARN_UNDECLARED_SELECTOR = YES;
				GCC_WARN_UNINITIALIZED_AUTOS = YES_AGGRESSIVE;
				GCC_WARN_UNUSED_FUNCTION = YES;
				GCC_WARN_UNUSED_VARIABLE = YES;
				IPHONEOS_DEPLOYMENT_TARGET = 14.5;
				MTL_ENABLE_DEBUG_INFO = INCLUDE_SOURCE;
				MTL_FAST_MATH = YES;
				ONLY_ACTIVE_ARCH = YES;
				SDKROOT = iphoneos;
				SWIFT_ACTIVE_COMPILATION_CONDITIONS = DEBUG;
				SWIFT_OPTIMIZATION_LEVEL = "-Onone";
			};
			name = Debug;
		};
		170EFC3626255755001227D0 /* Release */ = {
			isa = XCBuildConfiguration;
			buildSettings = {
				ALWAYS_SEARCH_USER_PATHS = NO;
				CLANG_ANALYZER_NONNULL = YES;
				CLANG_ANALYZER_NUMBER_OBJECT_CONVERSION = YES_AGGRESSIVE;
				CLANG_CXX_LANGUAGE_STANDARD = "gnu++14";
				CLANG_CXX_LIBRARY = "libc++";
				CLANG_ENABLE_MODULES = YES;
				CLANG_ENABLE_OBJC_ARC = YES;
				CLANG_ENABLE_OBJC_WEAK = YES;
				CLANG_WARN_BLOCK_CAPTURE_AUTORELEASING = YES;
				CLANG_WARN_BOOL_CONVERSION = YES;
				CLANG_WARN_COMMA = YES;
				CLANG_WARN_CONSTANT_CONVERSION = YES;
				CLANG_WARN_DEPRECATED_OBJC_IMPLEMENTATIONS = YES;
				CLANG_WARN_DIRECT_OBJC_ISA_USAGE = YES_ERROR;
				CLANG_WARN_DOCUMENTATION_COMMENTS = YES;
				CLANG_WARN_EMPTY_BODY = YES;
				CLANG_WARN_ENUM_CONVERSION = YES;
				CLANG_WARN_INFINITE_RECURSION = YES;
				CLANG_WARN_INT_CONVERSION = YES;
				CLANG_WARN_NON_LITERAL_NULL_CONVERSION = YES;
				CLANG_WARN_OBJC_IMPLICIT_RETAIN_SELF = YES;
				CLANG_WARN_OBJC_LITERAL_CONVERSION = YES;
				CLANG_WARN_OBJC_ROOT_CLASS = YES_ERROR;
				CLANG_WARN_QUOTED_INCLUDE_IN_FRAMEWORK_HEADER = YES;
				CLANG_WARN_RANGE_LOOP_ANALYSIS = YES;
				CLANG_WARN_STRICT_PROTOTYPES = YES;
				CLANG_WARN_SUSPICIOUS_MOVE = YES;
				CLANG_WARN_UNGUARDED_AVAILABILITY = YES_AGGRESSIVE;
				CLANG_WARN_UNREACHABLE_CODE = YES;
				CLANG_WARN__DUPLICATE_METHOD_MATCH = YES;
				COPY_PHASE_STRIP = NO;
				DEBUG_INFORMATION_FORMAT = "dwarf-with-dsym";
				ENABLE_NS_ASSERTIONS = NO;
				ENABLE_STRICT_OBJC_MSGSEND = YES;
				GCC_C_LANGUAGE_STANDARD = gnu11;
				GCC_NO_COMMON_BLOCKS = YES;
				GCC_WARN_64_TO_32_BIT_CONVERSION = YES;
				GCC_WARN_ABOUT_RETURN_TYPE = YES_ERROR;
				GCC_WARN_UNDECLARED_SELECTOR = YES;
				GCC_WARN_UNINITIALIZED_AUTOS = YES_AGGRESSIVE;
				GCC_WARN_UNUSED_FUNCTION = YES;
				GCC_WARN_UNUSED_VARIABLE = YES;
				IPHONEOS_DEPLOYMENT_TARGET = 14.5;
				MTL_ENABLE_DEBUG_INFO = NO;
				MTL_FAST_MATH = YES;
				SDKROOT = iphoneos;
				SWIFT_COMPILATION_MODE = wholemodule;
				SWIFT_OPTIMIZATION_LEVEL = "-O";
				VALIDATE_PRODUCT = YES;
			};
			name = Release;
		};
		170EFC3826255755001227D0 /* Debug */ = {
			isa = XCBuildConfiguration;
			buildSettings = {
				ASSETCATALOG_COMPILER_APPICON_NAME = AppIcon;
				ASSETCATALOG_COMPILER_GLOBAL_ACCENT_COLOR_NAME = AccentColor;
				CLANG_ENABLE_MODULES = YES;
				CODE_SIGN_ENTITLEMENTS = BlockCam2/BlockCam2.entitlements;
				CODE_SIGN_STYLE = Automatic;
				DEVELOPMENT_ASSET_PATHS = "\"BlockCam2/Preview Content\"";
				DEVELOPMENT_TEAM = 4BB235M4GL;
				"ENABLE_HARDENED_RUNTIME[sdk=macosx*]" = YES;
				ENABLE_PREVIEWS = YES;
				INFOPLIST_FILE = BlockCam2/Info.plist;
				IPHONEOS_DEPLOYMENT_TARGET = 14.0;
				LD_RUNPATH_SEARCH_PATHS = (
					"$(inherited)",
					"@executable_path/Frameworks",
				);
				PRODUCT_BUNDLE_IDENTIFIER = Irorio.BlockCam2;
				PRODUCT_NAME = "$(TARGET_NAME)";
				SUPPORTS_MACCATALYST = NO;
				SWIFT_OBJC_BRIDGING_HEADER = "BlockCam2/BlockCam2-Bridging-Header.h";
				SWIFT_OPTIMIZATION_LEVEL = "-Onone";
				SWIFT_VERSION = 5.0;
				TARGETED_DEVICE_FAMILY = "1,2";
			};
			name = Debug;
		};
		170EFC3926255755001227D0 /* Release */ = {
			isa = XCBuildConfiguration;
			buildSettings = {
				ASSETCATALOG_COMPILER_APPICON_NAME = AppIcon;
				ASSETCATALOG_COMPILER_GLOBAL_ACCENT_COLOR_NAME = AccentColor;
				CLANG_ENABLE_MODULES = YES;
				CODE_SIGN_ENTITLEMENTS = BlockCam2/BlockCam2.entitlements;
				CODE_SIGN_STYLE = Automatic;
				DEVELOPMENT_ASSET_PATHS = "\"BlockCam2/Preview Content\"";
				DEVELOPMENT_TEAM = 4BB235M4GL;
				"ENABLE_HARDENED_RUNTIME[sdk=macosx*]" = YES;
				ENABLE_PREVIEWS = YES;
				INFOPLIST_FILE = BlockCam2/Info.plist;
				IPHONEOS_DEPLOYMENT_TARGET = 14.0;
				LD_RUNPATH_SEARCH_PATHS = (
					"$(inherited)",
					"@executable_path/Frameworks",
				);
				PRODUCT_BUNDLE_IDENTIFIER = Irorio.BlockCam2;
				PRODUCT_NAME = "$(TARGET_NAME)";
				SUPPORTS_MACCATALYST = NO;
				SWIFT_OBJC_BRIDGING_HEADER = "BlockCam2/BlockCam2-Bridging-Header.h";
				SWIFT_VERSION = 5.0;
				TARGETED_DEVICE_FAMILY = "1,2";
			};
			name = Release;
		};
/* End XCBuildConfiguration section */

/* Begin XCConfigurationList section */
		170EFC2326255754001227D0 /* Build configuration list for PBXProject "BlockCam2" */ = {
			isa = XCConfigurationList;
			buildConfigurations = (
				170EFC3526255755001227D0 /* Debug */,
				170EFC3626255755001227D0 /* Release */,
			);
			defaultConfigurationIsVisible = 0;
			defaultConfigurationName = Release;
		};
		170EFC3726255755001227D0 /* Build configuration list for PBXNativeTarget "BlockCam2" */ = {
			isa = XCConfigurationList;
			buildConfigurations = (
				170EFC3826255755001227D0 /* Debug */,
				170EFC3926255755001227D0 /* Release */,
			);
			defaultConfigurationIsVisible = 0;
			defaultConfigurationName = Release;
		};
/* End XCConfigurationList section */
	};
	rootObject = 170EFC2026255754001227D0 /* Project object */;
}
